// !$*UTF8*$!
{
	archiveVersion = 1;
	classes = {
	};
	objectVersion = 56;
	objects = {

/* Begin PBXBuildFile section */
		EEA784E42C6313BA0071D406 /* AppDelegate.swift in Sources */ = {isa = PBXBuildFile; fileRef = EEA784E32C6313BA0071D406 /* AppDelegate.swift */; };
		EEA784E62C6313BA0071D406 /* SceneDelegate.swift in Sources */ = {isa = PBXBuildFile; fileRef = EEA784E52C6313BA0071D406 /* SceneDelegate.swift */; };
		EEA784E82C6313BA0071D406 /* ViewController.swift in Sources */ = {isa = PBXBuildFile; fileRef = EEA784E72C6313BA0071D406 /* ViewController.swift */; };
		EEA784EB2C6313BA0071D406 /* Base in Resources */ = {isa = PBXBuildFile; fileRef = EEA784EA2C6313BA0071D406 /* Base */; };
		EEA784ED2C6313BB0071D406 /* Assets.xcassets in Resources */ = {isa = PBXBuildFile; fileRef = EEA784EC2C6313BB0071D406 /* Assets.xcassets */; };
		EEA784F02C6313BB0071D406 /* Base in Resources */ = {isa = PBXBuildFile; fileRef = EEA784EF2C6313BB0071D406 /* Base */; };
		EEA784F82C6314800071D406 /* HomeViewController.swift in Sources */ = {isa = PBXBuildFile; fileRef = EEA784F72C6314800071D406 /* HomeViewController.swift */; };
		EEA784FA2C6314DE0071D406 /* DashboardViewController.swift in Sources */ = {isa = PBXBuildFile; fileRef = EEA784F92C6314DE0071D406 /* DashboardViewController.swift */; };
		EEA784FC2C6315140071D406 /* NotificationsViewController.swift in Sources */ = {isa = PBXBuildFile; fileRef = EEA784FB2C6315140071D406 /* NotificationsViewController.swift */; };
		EEA784FE2C6315420071D406 /* FormViewController.swift in Sources */ = {isa = PBXBuildFile; fileRef = EEA784FD2C6315420071D406 /* FormViewController.swift */; };
		EEA785002C63EAAC0071D406 /* Localizable.xcstrings in Resources */ = {isa = PBXBuildFile; fileRef = EEA784FF2C63EAAC0071D406 /* Localizable.xcstrings */; };
/* End PBXBuildFile section */

/* Begin PBXFileReference section */
		EEA784E02C6313BA0071D406 /* AccesibilityIssues.app */ = {isa = PBXFileReference; explicitFileType = wrapper.application; includeInIndex = 0; path = AccesibilityIssues.app; sourceTree = BUILT_PRODUCTS_DIR; };
		EEA784E32C6313BA0071D406 /* AppDelegate.swift */ = {isa = PBXFileReference; lastKnownFileType = sourcecode.swift; path = AppDelegate.swift; sourceTree = "<group>"; };
		EEA784E52C6313BA0071D406 /* SceneDelegate.swift */ = {isa = PBXFileReference; lastKnownFileType = sourcecode.swift; path = SceneDelegate.swift; sourceTree = "<group>"; };
		EEA784E72C6313BA0071D406 /* ViewController.swift */ = {isa = PBXFileReference; lastKnownFileType = sourcecode.swift; path = ViewController.swift; sourceTree = "<group>"; };
		EEA784EA2C6313BA0071D406 /* Base */ = {isa = PBXFileReference; lastKnownFileType = file.storyboard; name = Base; path = Base.lproj/Main.storyboard; sourceTree = "<group>"; };
		EEA784EC2C6313BB0071D406 /* Assets.xcassets */ = {isa = PBXFileReference; lastKnownFileType = folder.assetcatalog; path = Assets.xcassets; sourceTree = "<group>"; };
		EEA784EF2C6313BB0071D406 /* Base */ = {isa = PBXFileReference; lastKnownFileType = file.storyboard; name = Base; path = Base.lproj/LaunchScreen.storyboard; sourceTree = "<group>"; };
		EEA784F12C6313BB0071D406 /* Info.plist */ = {isa = PBXFileReference; lastKnownFileType = text.plist.xml; path = Info.plist; sourceTree = "<group>"; };
		EEA784F72C6314800071D406 /* HomeViewController.swift */ = {isa = PBXFileReference; lastKnownFileType = sourcecode.swift; name = HomeViewController.swift; path = tabs/HomeViewController.swift; sourceTree = "<group>"; };
		EEA784F92C6314DE0071D406 /* DashboardViewController.swift */ = {isa = PBXFileReference; lastKnownFileType = sourcecode.swift; name = DashboardViewController.swift; path = tabs/DashboardViewController.swift; sourceTree = "<group>"; };
		EEA784FB2C6315140071D406 /* NotificationsViewController.swift */ = {isa = PBXFileReference; lastKnownFileType = sourcecode.swift; name = NotificationsViewController.swift; path = tabs/NotificationsViewController.swift; sourceTree = "<group>"; };
		EEA784FD2C6315420071D406 /* FormViewController.swift */ = {isa = PBXFileReference; lastKnownFileType = sourcecode.swift; name = FormViewController.swift; path = tabs/FormViewController.swift; sourceTree = "<group>"; };
		EEA784FF2C63EAAC0071D406 /* Localizable.xcstrings */ = {isa = PBXFileReference; lastKnownFileType = text.json.xcstrings; path = Localizable.xcstrings; sourceTree = "<group>"; };
/* End PBXFileReference section */

/* Begin PBXFrameworksBuildPhase section */
		EEA784DD2C6313BA0071D406 /* Frameworks */ = {
			isa = PBXFrameworksBuildPhase;
			buildActionMask = 2147483647;
			files = (
			);
			runOnlyForDeploymentPostprocessing = 0;
		};
/* End PBXFrameworksBuildPhase section */

/* Begin PBXGroup section */
		EEA784D72C6313BA0071D406 = {
			isa = PBXGroup;
			children = (
				EEA784FF2C63EAAC0071D406 /* Localizable.xcstrings */,
				EEA784E22C6313BA0071D406 /* AccesibilityIssues */,
				EEA784E12C6313BA0071D406 /* Products */,
			);
			sourceTree = "<group>";
		};
		EEA784E12C6313BA0071D406 /* Products */ = {
			isa = PBXGroup;
			children = (
				EEA784E02C6313BA0071D406 /* AccesibilityIssues.app */,
			);
			name = Products;
			sourceTree = "<group>";
		};
		EEA784E22C6313BA0071D406 /* AccesibilityIssues */ = {
			isa = PBXGroup;
			children = (
				EEA784E32C6313BA0071D406 /* AppDelegate.swift */,
				EEA784E52C6313BA0071D406 /* SceneDelegate.swift */,
				EEA784E72C6313BA0071D406 /* ViewController.swift */,
				EEA784E92C6313BA0071D406 /* Main.storyboard */,
				EEA784EC2C6313BB0071D406 /* Assets.xcassets */,
				EEA784EE2C6313BB0071D406 /* LaunchScreen.storyboard */,
				EEA784F12C6313BB0071D406 /* Info.plist */,
				EEA784F72C6314800071D406 /* HomeViewController.swift */,
				EEA784F92C6314DE0071D406 /* DashboardViewController.swift */,
				EEA784FB2C6315140071D406 /* NotificationsViewController.swift */,
				EEA784FD2C6315420071D406 /* FormViewController.swift */,
			);
			path = AccesibilityIssues;
			sourceTree = "<group>";
		};
/* End PBXGroup section */

/* Begin PBXNativeTarget section */
		EEA784DF2C6313BA0071D406 /* AccesibilityIssues */ = {
			isa = PBXNativeTarget;
			buildConfigurationList = EEA784F42C6313BB0071D406 /* Build configuration list for PBXNativeTarget "AccesibilityIssues" */;
			buildPhases = (
				EEA784DC2C6313BA0071D406 /* Sources */,
				EEA784DD2C6313BA0071D406 /* Frameworks */,
				EEA784DE2C6313BA0071D406 /* Resources */,
			);
			buildRules = (
			);
			dependencies = (
			);
			name = AccesibilityIssues;
			productName = AccesibilityIssues;
			productReference = EEA784E02C6313BA0071D406 /* AccesibilityIssues.app */;
			productType = "com.apple.product-type.application";
		};
/* End PBXNativeTarget section */

/* Begin PBXProject section */
		EEA784D82C6313BA0071D406 /* Project object */ = {
			isa = PBXProject;
			attributes = {
				BuildIndependentTargetsInParallel = 1;
				LastSwiftUpdateCheck = 1540;
				LastUpgradeCheck = 1540;
				TargetAttributes = {
					EEA784DF2C6313BA0071D406 = {
						CreatedOnToolsVersion = 15.4;
					};
				};
			};
			buildConfigurationList = EEA784DB2C6313BA0071D406 /* Build configuration list for PBXProject "AccesibilityIssues" */;
			compatibilityVersion = "Xcode 14.0";
			developmentRegion = en;
			hasScannedForEncodings = 0;
			knownRegions = (
				en,
				Base,
				es,
			);
			mainGroup = EEA784D72C6313BA0071D406;
			productRefGroup = EEA784E12C6313BA0071D406 /* Products */;
			projectDirPath = "";
			projectRoot = "";
			targets = (
				EEA784DF2C6313BA0071D406 /* AccesibilityIssues */,
			);
		};
/* End PBXProject section */

/* Begin PBXResourcesBuildPhase section */
		EEA784DE2C6313BA0071D406 /* Resources */ = {
			isa = PBXResourcesBuildPhase;
			buildActionMask = 2147483647;
			files = (
				EEA784ED2C6313BB0071D406 /* Assets.xcassets in Resources */,
				EEA784F02C6313BB0071D406 /* Base in Resources */,
				EEA785002C63EAAC0071D406 /* Localizable.xcstrings in Resources */,
				EEA784EB2C6313BA0071D406 /* Base in Resources */,
			);
			runOnlyForDeploymentPostprocessing = 0;
		};
/* End PBXResourcesBuildPhase section */

/* Begin PBXSourcesBuildPhase section */
		EEA784DC2C6313BA0071D406 /* Sources */ = {
			isa = PBXSourcesBuildPhase;
			buildActionMask = 2147483647;
			files = (
				EEA784E82C6313BA0071D406 /* ViewController.swift in Sources */,
				EEA784E42C6313BA0071D406 /* AppDelegate.swift in Sources */,
				EEA784FE2C6315420071D406 /* FormViewController.swift in Sources */,
				EEA784FA2C6314DE0071D406 /* DashboardViewController.swift in Sources */,
				EEA784FC2C6315140071D406 /* NotificationsViewController.swift in Sources */,
				EEA784E62C6313BA0071D406 /* SceneDelegate.swift in Sources */,
				EEA784F82C6314800071D406 /* HomeViewController.swift in Sources */,
			);
			runOnlyForDeploymentPostprocessing = 0;
		};
/* End PBXSourcesBuildPhase section */

/* Begin PBXVariantGroup section */
		EEA784E92C6313BA0071D406 /* Main.storyboard */ = {
			isa = PBXVariantGroup;
			children = (
				EEA784EA2C6313BA0071D406 /* Base */,
			);
			name = Main.storyboard;
			sourceTree = "<group>";
		};
		EEA784EE2C6313BB0071D406 /* LaunchScreen.storyboard */ = {
			isa = PBXVariantGroup;
			children = (
				EEA784EF2C6313BB0071D406 /* Base */,
			);
			name = LaunchScreen.storyboard;
			sourceTree = "<group>";
		};
/* End PBXVariantGroup section */

/* Begin XCBuildConfiguration section */
		EEA784F22C6313BB0071D406 /* Debug */ = {
			isa = XCBuildConfiguration;
			buildSettings = {
				ALWAYS_SEARCH_USER_PATHS = NO;
				ASSETCATALOG_COMPILER_GENERATE_SWIFT_ASSET_SYMBOL_EXTENSIONS = YES;
				CLANG_ANALYZER_NONNULL = YES;
				CLANG_ANALYZER_NUMBER_OBJECT_CONVERSION = YES_AGGRESSIVE;
				CLANG_CXX_LANGUAGE_STANDARD = "gnu++20";
				CLANG_ENABLE_MODULES = YES;
				CLANG_ENABLE_OBJC_ARC = YES;
				CLANG_ENABLE_OBJC_WEAK = YES;
				CLANG_WARN_BLOCK_CAPTURE_AUTORELEASING = YES;
				CLANG_WARN_BOOL_CONVERSION = YES;
				CLANG_WARN_COMMA = YES;
				CLANG_WARN_CONSTANT_CONVERSION = YES;
				CLANG_WARN_DEPRECATED_OBJC_IMPLEMENTATIONS = YES;
				CLANG_WARN_DIRECT_OBJC_ISA_USAGE = YES_ERROR;
				CLANG_WARN_DOCUMENTATION_COMMENTS = YES;
				CLANG_WARN_EMPTY_BODY = YES;
				CLANG_WARN_ENUM_CONVERSION = YES;
				CLANG_WARN_INFINITE_RECURSION = YES;
				CLANG_WARN_INT_CONVERSION = YES;
				CLANG_WARN_NON_LITERAL_NULL_CONVERSION = YES;
				CLANG_WARN_OBJC_IMPLICIT_RETAIN_SELF = YES;
				CLANG_WARN_OBJC_LITERAL_CONVERSION = YES;
				CLANG_WARN_OBJC_ROOT_CLASS = YES_ERROR;
				CLANG_WARN_QUOTED_INCLUDE_IN_FRAMEWORK_HEADER = YES;
				CLANG_WARN_RANGE_LOOP_ANALYSIS = YES;
				CLANG_WARN_STRICT_PROTOTYPES = YES;
				CLANG_WARN_SUSPICIOUS_MOVE = YES;
				CLANG_WARN_UNGUARDED_AVAILABILITY = YES_AGGRESSIVE;
				CLANG_WARN_UNREACHABLE_CODE = YES;
				CLANG_WARN__DUPLICATE_METHOD_MATCH = YES;
				COPY_PHASE_STRIP = NO;
				DEBUG_INFORMATION_FORMAT = dwarf;
				ENABLE_STRICT_OBJC_MSGSEND = YES;
				ENABLE_TESTABILITY = YES;
				ENABLE_USER_SCRIPT_SANDBOXING = YES;
				GCC_C_LANGUAGE_STANDARD = gnu17;
				GCC_DYNAMIC_NO_PIC = NO;
				GCC_NO_COMMON_BLOCKS = YES;
				GCC_OPTIMIZATION_LEVEL = 0;
				GCC_PREPROCESSOR_DEFINITIONS = (
					"DEBUG=1",
					"$(inherited)",
				);
				GCC_WARN_64_TO_32_BIT_CONVERSION = YES;
				GCC_WARN_ABOUT_RETURN_TYPE = YES_ERROR;
				GCC_WARN_UNDECLARED_SELECTOR = YES;
				GCC_WARN_UNINITIALIZED_AUTOS = YES_AGGRESSIVE;
				GCC_WARN_UNUSED_FUNCTION = YES;
				GCC_WARN_UNUSED_VARIABLE = YES;
				IPHONEOS_DEPLOYMENT_TARGET = 17.5;
				LOCALIZATION_PREFERS_STRING_CATALOGS = YES;
				MTL_ENABLE_DEBUG_INFO = INCLUDE_SOURCE;
				MTL_FAST_MATH = YES;
				ONLY_ACTIVE_ARCH = YES;
				SDKROOT = iphoneos;
				SWIFT_ACTIVE_COMPILATION_CONDITIONS = "DEBUG $(inherited)";
				SWIFT_OPTIMIZATION_LEVEL = "-Onone";
			};
			name = Debug;
		};
		EEA784F32C6313BB0071D406 /* Release */ = {
			isa = XCBuildConfiguration;
			buildSettings = {
				ALWAYS_SEARCH_USER_PATHS = NO;
				ASSETCATALOG_COMPILER_GENERATE_SWIFT_ASSET_SYMBOL_EXTENSIONS = YES;
				CLANG_ANALYZER_NONNULL = YES;
				CLANG_ANALYZER_NUMBER_OBJECT_CONVERSION = YES_AGGRESSIVE;
				CLANG_CXX_LANGUAGE_STANDARD = "gnu++20";
				CLANG_ENABLE_MODULES = YES;
				CLANG_ENABLE_OBJC_ARC = YES;
				CLANG_ENABLE_OBJC_WEAK = YES;
				CLANG_WARN_BLOCK_CAPTURE_AUTORELEASING = YES;
				CLANG_WARN_BOOL_CONVERSION = YES;
				CLANG_WARN_COMMA = YES;
				CLANG_WARN_CONSTANT_CONVERSION = YES;
				CLANG_WARN_DEPRECATED_OBJC_IMPLEMENTATIONS = YES;
				CLANG_WARN_DIRECT_OBJC_ISA_USAGE = YES_ERROR;
				CLANG_WARN_DOCUMENTATION_COMMENTS = YES;
				CLANG_WARN_EMPTY_BODY = YES;
				CLANG_WARN_ENUM_CONVERSION = YES;
				CLANG_WARN_INFINITE_RECURSION = YES;
				CLANG_WARN_INT_CONVERSION = YES;
				CLANG_WARN_NON_LITERAL_NULL_CONVERSION = YES;
				CLANG_WARN_OBJC_IMPLICIT_RETAIN_SELF = YES;
				CLANG_WARN_OBJC_LITERAL_CONVERSION = YES;
				CLANG_WARN_OBJC_ROOT_CLASS = YES_ERROR;
				CLANG_WARN_QUOTED_INCLUDE_IN_FRAMEWORK_HEADER = YES;
				CLANG_WARN_RANGE_LOOP_ANALYSIS = YES;
				CLANG_WARN_STRICT_PROTOTYPES = YES;
				CLANG_WARN_SUSPICIOUS_MOVE = YES;
				CLANG_WARN_UNGUARDED_AVAILABILITY = YES_AGGRESSIVE;
				CLANG_WARN_UNREACHABLE_CODE = YES;
				CLANG_WARN__DUPLICATE_METHOD_MATCH = YES;
				COPY_PHASE_STRIP = NO;
				DEBUG_INFORMATION_FORMAT = "dwarf-with-dsym";
				ENABLE_NS_ASSERTIONS = NO;
				ENABLE_STRICT_OBJC_MSGSEND = YES;
				ENABLE_USER_SCRIPT_SANDBOXING = YES;
				GCC_C_LANGUAGE_STANDARD = gnu17;
				GCC_NO_COMMON_BLOCKS = YES;
				GCC_WARN_64_TO_32_BIT_CONVERSION = YES;
				GCC_WARN_ABOUT_RETURN_TYPE = YES_ERROR;
				GCC_WARN_UNDECLARED_SELECTOR = YES;
				GCC_WARN_UNINITIALIZED_AUTOS = YES_AGGRESSIVE;
				GCC_WARN_UNUSED_FUNCTION = YES;
				GCC_WARN_UNUSED_VARIABLE = YES;
				IPHONEOS_DEPLOYMENT_TARGET = 17.5;
				LOCALIZATION_PREFERS_STRING_CATALOGS = YES;
				MTL_ENABLE_DEBUG_INFO = NO;
				MTL_FAST_MATH = YES;
				SDKROOT = iphoneos;
				SWIFT_COMPILATION_MODE = wholemodule;
				VALIDATE_PRODUCT = YES;
			};
			name = Release;
		};
		EEA784F52C6313BB0071D406 /* Debug */ = {
			isa = XCBuildConfiguration;
			buildSettings = {
				ASSETCATALOG_COMPILER_APPICON_NAME = AppIcon;
				ASSETCATALOG_COMPILER_GLOBAL_ACCENT_COLOR_NAME = AccentColor;
				CODE_SIGN_STYLE = Automatic;
				CURRENT_PROJECT_VERSION = 1;
				DEVELOPMENT_TEAM = G75Y3G9WUL;
				GENERATE_INFOPLIST_FILE = YES;
				INFOPLIST_FILE = AccesibilityIssues/Info.plist;
				INFOPLIST_KEY_UIApplicationSupportsIndirectInputEvents = YES;
				INFOPLIST_KEY_UILaunchStoryboardName = LaunchScreen;
				INFOPLIST_KEY_UIMainStoryboardFile = Main;
				INFOPLIST_KEY_UISupportedInterfaceOrientations_iPad = "UIInterfaceOrientationPortrait UIInterfaceOrientationPortraitUpsideDown UIInterfaceOrientationLandscapeLeft UIInterfaceOrientationLandscapeRight";
				INFOPLIST_KEY_UISupportedInterfaceOrientations_iPhone = "UIInterfaceOrientationPortrait UIInterfaceOrientationLandscapeLeft UIInterfaceOrientationLandscapeRight";
				LD_RUNPATH_SEARCH_PATHS = (
					"$(inherited)",
					"@executable_path/Frameworks",
				);
				MARKETING_VERSION = 1.0;
				PRODUCT_BUNDLE_IDENTIFIER = fcode.AccesibilityIssues;
				PRODUCT_NAME = "$(TARGET_NAME)";
				SWIFT_EMIT_LOC_STRINGS = YES;
				SWIFT_VERSION = 5.0;
				TARGETED_DEVICE_FAMILY = "1,2";
			};
			name = Debug;
		};
		EEA784F62C6313BB0071D406 /* Release */ = {
			isa = XCBuildConfiguration;
			buildSettings = {
				ASSETCATALOG_COMPILER_APPICON_NAME = AppIcon;
				ASSETCATALOG_COMPILER_GLOBAL_ACCENT_COLOR_NAME = AccentColor;
				CODE_SIGN_STYLE = Automatic;
				CURRENT_PROJECT_VERSION = 1;
				DEVELOPMENT_TEAM = G75Y3G9WUL;
				GENERATE_INFOPLIST_FILE = YES;
				INFOPLIST_FILE = AccesibilityIssues/Info.plist;
				INFOPLIST_KEY_UIApplicationSupportsIndirectInputEvents = YES;
				INFOPLIST_KEY_UILaunchStoryboardName = LaunchScreen;
				INFOPLIST_KEY_UIMainStoryboardFile = Main;
				INFOPLIST_KEY_UISupportedInterfaceOrientations_iPad = "UIInterfaceOrientationPortrait UIInterfaceOrientationPortraitUpsideDown UIInterfaceOrientationLandscapeLeft UIInterfaceOrientationLandscapeRight";
				INFOPLIST_KEY_UISupportedInterfaceOrientations_iPhone = "UIInterfaceOrientationPortrait UIInterfaceOrientationLandscapeLeft UIInterfaceOrientationLandscapeRight";
				LD_RUNPATH_SEARCH_PATHS = (
					"$(inherited)",
					"@executable_path/Frameworks",
				);
				MARKETING_VERSION = 1.0;
				PRODUCT_BUNDLE_IDENTIFIER = fcode.AccesibilityIssues;
				PRODUCT_NAME = "$(TARGET_NAME)";
				SWIFT_EMIT_LOC_STRINGS = YES;
				SWIFT_VERSION = 5.0;
				TARGETED_DEVICE_FAMILY = "1,2";
			};
			name = Release;
		};
/* End XCBuildConfiguration section */

/* Begin XCConfigurationList section */
		EEA784DB2C6313BA0071D406 /* Build configuration list for PBXProject "AccesibilityIssues" */ = {
			isa = XCConfigurationList;
			buildConfigurations = (
				EEA784F22C6313BB0071D406 /* Debug */,
				EEA784F32C6313BB0071D406 /* Release */,
			);
			defaultConfigurationIsVisible = 0;
			defaultConfigurationName = Release;
		};
		EEA784F42C6313BB0071D406 /* Build configuration list for PBXNativeTarget "AccesibilityIssues" */ = {
			isa = XCConfigurationList;
			buildConfigurations = (
				EEA784F52C6313BB0071D406 /* Debug */,
				EEA784F62C6313BB0071D406 /* Release */,
			);
			defaultConfigurationIsVisible = 0;
			defaultConfigurationName = Release;
		};
/* End XCConfigurationList section */
	};
	rootObject = EEA784D82C6313BA0071D406 /* Project object */;
}
